
Microsoft Visual Studio Solution File, Format Version 12.00
# Visual Studio Version 17
VisualStudioVersion = 17.14.36518.9 d17.14
MinimumVisualStudioVersion = 10.0.40219.1
Project("{FAE04EC0-301F-11D3-BF4B-00C04F79EFBC}") = "GenelTekrar", "GenelTekrar\GenelTekrar.csproj", "{F954DCD5-2A10-46DD-9BC7-291B59BEA2D4}"
EndProject
Global
	GlobalSection(SolutionConfigurationPlatforms) = preSolution
		Debug|Any CPU = Debug|Any CPU
		Release|Any CPU = Release|Any CPU
	EndGlobalSection
	GlobalSection(ProjectConfigurationPlatforms) = postSolution
		{F954DCD5-2A10-46DD-9BC7-291B59BEA2D4}.Debug|Any CPU.ActiveCfg = Debug|Any CPU
		{F954DCD5-2A10-46DD-9BC7-291B59BEA2D4}.Debug|Any CPU.Build.0 = Debug|Any CPU
		{F954DCD5-2A10-46DD-9BC7-291B59BEA2D4}.Release|Any CPU.ActiveCfg = Release|Any CPU
		{F954DCD5-2A10-46DD-9BC7-291B59BEA2D4}.Release|Any CPU.Build.0 = Release|Any CPU
	EndGlobalSection
	GlobalSection(SolutionProperties) = preSolution
		HideSolutionNode = FALSE
	EndGlobalSection
	GlobalSection(ExtensibilityGlobals) = postSolution
		SolutionGuid = {26405345-0D2B-451A-AB86-C589CD59D5A4}
	EndGlobalSection
EndGlobal
