
Microsoft Visual Studio Solution File, Format Version 12.00
# Visual Studio Version 17
VisualStudioVersion = 17.14.36518.9 d17.14
MinimumVisualStudioVersion = 10.0.40219.1
Project("{FAE04EC0-301F-11D3-BF4B-00C04F79EFBC}") = "Kapsulleme", "Kapsulleme\Kapsulleme.csproj", "{2346B13E-4909-45A6-A1CA-82ED863B01C7}"
EndProject
Global
	GlobalSection(SolutionConfigurationPlatforms) = preSolution
		Debug|Any CPU = Debug|Any CPU
		Release|Any CPU = Release|Any CPU
	EndGlobalSection
	GlobalSection(ProjectConfigurationPlatforms) = postSolution
		{2346B13E-4909-45A6-A1CA-82ED863B01C7}.Debug|Any CPU.ActiveCfg = Debug|Any CPU
		{2346B13E-4909-45A6-A1CA-82ED863B01C7}.Debug|Any CPU.Build.0 = Debug|Any CPU
		{2346B13E-4909-45A6-A1CA-82ED863B01C7}.Release|Any CPU.ActiveCfg = Release|Any CPU
		{2346B13E-4909-45A6-A1CA-82ED863B01C7}.Release|Any CPU.Build.0 = Release|Any CPU
	EndGlobalSection
	GlobalSection(SolutionProperties) = preSolution
		HideSolutionNode = FALSE
	EndGlobalSection
	GlobalSection(ExtensibilityGlobals) = postSolution
		SolutionGuid = {40C6E7F7-E43C-4294-9BD2-7360DD5F9D95}
	EndGlobalSection
EndGlobal
