
Microsoft Visual Studio Solution File, Format Version 12.00
# Visual Studio Version 17
VisualStudioVersion = 17.14.36518.9 d17.14
MinimumVisualStudioVersion = 10.0.40219.1
Project("{FAE04EC0-301F-11D3-BF4B-00C04F79EFBC}") = "Kapsulleme01", "Kapsulleme01\Kapsulleme01.csproj", "{887B921B-19B3-4233-B08F-38749C5EFAFF}"
EndProject
Global
	GlobalSection(SolutionConfigurationPlatforms) = preSolution
		Debug|Any CPU = Debug|Any CPU
		Release|Any CPU = Release|Any CPU
	EndGlobalSection
	GlobalSection(ProjectConfigurationPlatforms) = postSolution
		{887B921B-19B3-4233-B08F-38749C5EFAFF}.Debug|Any CPU.ActiveCfg = Debug|Any CPU
		{887B921B-19B3-4233-B08F-38749C5EFAFF}.Debug|Any CPU.Build.0 = Debug|Any CPU
		{887B921B-19B3-4233-B08F-38749C5EFAFF}.Release|Any CPU.ActiveCfg = Release|Any CPU
		{887B921B-19B3-4233-B08F-38749C5EFAFF}.Release|Any CPU.Build.0 = Release|Any CPU
	EndGlobalSection
	GlobalSection(SolutionProperties) = preSolution
		HideSolutionNode = FALSE
	EndGlobalSection
	GlobalSection(ExtensibilityGlobals) = postSolution
		SolutionGuid = {C3C3FABC-C90B-4285-A7FF-E36F71F6512A}
	EndGlobalSection
EndGlobal
